
Microsoft Visual Studio Solution File, Format Version 12.00
# Visual Studio Version 17
VisualStudioVersion = 17.0.32014.148
MinimumVisualStudioVersion = 10.0.40219.1
Project("{9A19103F-16F7-4668-BE54-9A1E7A4F7556}") = "FormulaEvaluator", "FormulaEvaluator\FormulaEvaluator.csproj", "{07CD7018-3601-481E-8540-6EDD3ADFFA27}"
EndProject
Project("{9A19103F-16F7-4668-BE54-9A1E7A4F7556}") = "Test_The_Evaluator_Console_App", "Test_The_Evaluator_Console_App\Test_The_Evaluator_Console_App.csproj", "{DB1C5C00-2916-42A0-B4E0-29DDC3E02290}"
EndProject
Project("{2150E333-8FDC-42A3-9474-1A3956D46DE8}") = "Solution Items", "Solution Items", "{FD81F364-9F34-426B-A471-228F9495C343}"
	ProjectSection(SolutionItems) = preProject
		README.md = README.md
	EndProjectSection
EndProject
Project("{9A19103F-16F7-4668-BE54-9A1E7A4F7556}") = "DependencyGraphTests", "DependencyGraphTests\DependencyGraphTests.csproj", "{865C1145-A54B-4542-B690-56C221AF4826}"
EndProject
Project("{9A19103F-16F7-4668-BE54-9A1E7A4F7556}") = "Extensions", "Extensions\Extensions.csproj", "{02C3CBD1-657D-4DA6-B10F-E77A2FB8BDA8}"
EndProject
Project("{9A19103F-16F7-4668-BE54-9A1E7A4F7556}") = "DependencyGraph", "DependencyGraph\DependencyGraph.csproj", "{3B8824A0-982F-4712-A3D0-E92E160379A6}"
EndProject
Project("{9A19103F-16F7-4668-BE54-9A1E7A4F7556}") = "FormulaEvaluatorTests", "FormulaEvaluatorTests\FormulaEvaluatorTests.csproj", "{82102D9E-6615-4007-8567-6FC23C215294}"
EndProject
Project("{9A19103F-16F7-4668-BE54-9A1E7A4F7556}") = "Formula", "Formula\Formula.csproj", "{B03ED78D-E829-4BC9-B472-CE13EDF80CF8}"
EndProject
Project("{9A19103F-16F7-4668-BE54-9A1E7A4F7556}") = "FormulaTests", "FormulaTests\FormulaTests.csproj", "{6FC30010-8177-4BD8-B253-04FB803DB4B7}"
EndProject
Project("{9A19103F-16F7-4668-BE54-9A1E7A4F7556}") = "PS2Tests", "PS2Tests\PS2Tests.csproj", "{A3EC2EEB-EE02-45BF-9858-A39270C8A1AA}"
EndProject
Project("{FAE04EC0-301F-11D3-BF4B-00C04F79EFBC}") = "Spreadsheet", "Spreadsheet\Spreadsheet.csproj", "{866A8663-B022-4628-A68B-9B5F387354D7}"
EndProject
Project("{FAE04EC0-301F-11D3-BF4B-00C04F79EFBC}") = "SpreadsheetTests", "SpreadsheetTests\SpreadsheetTests.csproj", "{ED7D5853-A8B6-4B4A-99D4-BAC5B8C9FDED}"
EndProject
Global
	GlobalSection(SolutionConfigurationPlatforms) = preSolution
		Debug|Any CPU = Debug|Any CPU
		Release|Any CPU = Release|Any CPU
	EndGlobalSection
	GlobalSection(ProjectConfigurationPlatforms) = postSolution
		{07CD7018-3601-481E-8540-6EDD3ADFFA27}.Debug|Any CPU.ActiveCfg = Debug|Any CPU
		{07CD7018-3601-481E-8540-6EDD3ADFFA27}.Debug|Any CPU.Build.0 = Debug|Any CPU
		{07CD7018-3601-481E-8540-6EDD3ADFFA27}.Release|Any CPU.ActiveCfg = Release|Any CPU
		{07CD7018-3601-481E-8540-6EDD3ADFFA27}.Release|Any CPU.Build.0 = Release|Any CPU
		{DB1C5C00-2916-42A0-B4E0-29DDC3E02290}.Debug|Any CPU.ActiveCfg = Debug|Any CPU
		{DB1C5C00-2916-42A0-B4E0-29DDC3E02290}.Debug|Any CPU.Build.0 = Debug|Any CPU
		{DB1C5C00-2916-42A0-B4E0-29DDC3E02290}.Release|Any CPU.ActiveCfg = Release|Any CPU
		{DB1C5C00-2916-42A0-B4E0-29DDC3E02290}.Release|Any CPU.Build.0 = Release|Any CPU
		{865C1145-A54B-4542-B690-56C221AF4826}.Debug|Any CPU.ActiveCfg = Debug|Any CPU
		{865C1145-A54B-4542-B690-56C221AF4826}.Debug|Any CPU.Build.0 = Debug|Any CPU
		{865C1145-A54B-4542-B690-56C221AF4826}.Release|Any CPU.ActiveCfg = Release|Any CPU
		{865C1145-A54B-4542-B690-56C221AF4826}.Release|Any CPU.Build.0 = Release|Any CPU
		{02C3CBD1-657D-4DA6-B10F-E77A2FB8BDA8}.Debug|Any CPU.ActiveCfg = Debug|Any CPU
		{02C3CBD1-657D-4DA6-B10F-E77A2FB8BDA8}.Debug|Any CPU.Build.0 = Debug|Any CPU
		{02C3CBD1-657D-4DA6-B10F-E77A2FB8BDA8}.Release|Any CPU.ActiveCfg = Release|Any CPU
		{02C3CBD1-657D-4DA6-B10F-E77A2FB8BDA8}.Release|Any CPU.Build.0 = Release|Any CPU
		{3B8824A0-982F-4712-A3D0-E92E160379A6}.Debug|Any CPU.ActiveCfg = Debug|Any CPU
		{3B8824A0-982F-4712-A3D0-E92E160379A6}.Debug|Any CPU.Build.0 = Debug|Any CPU
		{3B8824A0-982F-4712-A3D0-E92E160379A6}.Release|Any CPU.ActiveCfg = Release|Any CPU
		{3B8824A0-982F-4712-A3D0-E92E160379A6}.Release|Any CPU.Build.0 = Release|Any CPU
		{82102D9E-6615-4007-8567-6FC23C215294}.Debug|Any CPU.ActiveCfg = Debug|Any CPU
		{82102D9E-6615-4007-8567-6FC23C215294}.Debug|Any CPU.Build.0 = Debug|Any CPU
		{82102D9E-6615-4007-8567-6FC23C215294}.Release|Any CPU.ActiveCfg = Release|Any CPU
		{82102D9E-6615-4007-8567-6FC23C215294}.Release|Any CPU.Build.0 = Release|Any CPU
		{B03ED78D-E829-4BC9-B472-CE13EDF80CF8}.Debug|Any CPU.ActiveCfg = Debug|Any CPU
		{B03ED78D-E829-4BC9-B472-CE13EDF80CF8}.Debug|Any CPU.Build.0 = Debug|Any CPU
		{B03ED78D-E829-4BC9-B472-CE13EDF80CF8}.Release|Any CPU.ActiveCfg = Release|Any CPU
		{B03ED78D-E829-4BC9-B472-CE13EDF80CF8}.Release|Any CPU.Build.0 = Release|Any CPU
		{6FC30010-8177-4BD8-B253-04FB803DB4B7}.Debug|Any CPU.ActiveCfg = Debug|Any CPU
		{6FC30010-8177-4BD8-B253-04FB803DB4B7}.Debug|Any CPU.Build.0 = Debug|Any CPU
		{6FC30010-8177-4BD8-B253-04FB803DB4B7}.Release|Any CPU.ActiveCfg = Release|Any CPU
		{6FC30010-8177-4BD8-B253-04FB803DB4B7}.Release|Any CPU.Build.0 = Release|Any CPU
		{A3EC2EEB-EE02-45BF-9858-A39270C8A1AA}.Debug|Any CPU.ActiveCfg = Debug|Any CPU
		{A3EC2EEB-EE02-45BF-9858-A39270C8A1AA}.Debug|Any CPU.Build.0 = Debug|Any CPU
		{A3EC2EEB-EE02-45BF-9858-A39270C8A1AA}.Release|Any CPU.ActiveCfg = Release|Any CPU
		{A3EC2EEB-EE02-45BF-9858-A39270C8A1AA}.Release|Any CPU.Build.0 = Release|Any CPU
		{866A8663-B022-4628-A68B-9B5F387354D7}.Debug|Any CPU.ActiveCfg = Debug|Any CPU
		{866A8663-B022-4628-A68B-9B5F387354D7}.Debug|Any CPU.Build.0 = Debug|Any CPU
		{866A8663-B022-4628-A68B-9B5F387354D7}.Release|Any CPU.ActiveCfg = Release|Any CPU
		{866A8663-B022-4628-A68B-9B5F387354D7}.Release|Any CPU.Build.0 = Release|Any CPU
		{ED7D5853-A8B6-4B4A-99D4-BAC5B8C9FDED}.Debug|Any CPU.ActiveCfg = Debug|Any CPU
		{ED7D5853-A8B6-4B4A-99D4-BAC5B8C9FDED}.Debug|Any CPU.Build.0 = Debug|Any CPU
		{ED7D5853-A8B6-4B4A-99D4-BAC5B8C9FDED}.Release|Any CPU.ActiveCfg = Release|Any CPU
		{ED7D5853-A8B6-4B4A-99D4-BAC5B8C9FDED}.Release|Any CPU.Build.0 = Release|Any CPU
	EndGlobalSection
	GlobalSection(SolutionProperties) = preSolution
		HideSolutionNode = FALSE
	EndGlobalSection
	GlobalSection(ExtensibilityGlobals) = postSolution
		SolutionGuid = {68E316E5-C0C7-4B6F-9BFF-1CA1FFA1F030}
	EndGlobalSection
EndGlobal
