
Microsoft Visual Studio Solution File, Format Version 12.00
# Visual Studio Version 17
VisualStudioVersion = 17.0.32014.148
MinimumVisualStudioVersion = 10.0.40219.1
Project("{9A19103F-16F7-4668-BE54-9A1E7A4F7556}") = "FormulaEvaluator", "FormulaEvaluator\FormulaEvaluator.csproj", "{07CD7018-3601-481E-8540-6EDD3ADFFA27}"
EndProject
Project("{FAE04EC0-301F-11D3-BF4B-00C04F79EFBC}") = "Test_The_Evaluator_Console_App", "Test_The_Evaluator_Console_App\Test_The_Evaluator_Console_App.csproj", "{DB1C5C00-2916-42A0-B4E0-29DDC3E02290}"
EndProject
Global
	GlobalSection(SolutionConfigurationPlatforms) = preSolution
		Debug|Any CPU = Debug|Any CPU
		Release|Any CPU = Release|Any CPU
	EndGlobalSection
	GlobalSection(ProjectConfigurationPlatforms) = postSolution
		{07CD7018-3601-481E-8540-6EDD3ADFFA27}.Debug|Any CPU.ActiveCfg = Debug|Any CPU
		{07CD7018-3601-481E-8540-6EDD3ADFFA27}.Debug|Any CPU.Build.0 = Debug|Any CPU
		{07CD7018-3601-481E-8540-6EDD3ADFFA27}.Release|Any CPU.ActiveCfg = Release|Any CPU
		{07CD7018-3601-481E-8540-6EDD3ADFFA27}.Release|Any CPU.Build.0 = Release|Any CPU
		{DB1C5C00-2916-42A0-B4E0-29DDC3E02290}.Debug|Any CPU.ActiveCfg = Debug|Any CPU
		{DB1C5C00-2916-42A0-B4E0-29DDC3E02290}.Debug|Any CPU.Build.0 = Debug|Any CPU
		{DB1C5C00-2916-42A0-B4E0-29DDC3E02290}.Release|Any CPU.ActiveCfg = Release|Any CPU
		{DB1C5C00-2916-42A0-B4E0-29DDC3E02290}.Release|Any CPU.Build.0 = Release|Any CPU
	EndGlobalSection
	GlobalSection(SolutionProperties) = preSolution
		HideSolutionNode = FALSE
	EndGlobalSection
	GlobalSection(ExtensibilityGlobals) = postSolution
		SolutionGuid = {68E316E5-C0C7-4B6F-9BFF-1CA1FFA1F030}
	EndGlobalSection
EndGlobal
